
Microsoft Visual Studio Solution File, Format Version 12.00
# Visual Studio Version 17
VisualStudioVersion = 17.0.31912.275
MinimumVisualStudioVersion = 10.0.40219.1
Project("{9A19103F-16F7-4668-BE54-9A1E7A4F7556}") = "BooksApi", "BooksApi\BooksApi.csproj", "{3C444DA5-C02B-4EF9-9160-72C7B2B9D323}"
EndProject
Project("{E53339B2-1760-4266-BCC7-CA923CBCF16C}") = "docker-compose", "docker-compose.dcproj", "{536CC0F8-53D0-4721-BCAF-F0A9A35569E0}"
EndProject
Global
	GlobalSection(SolutionConfigurationPlatforms) = preSolution
		Debug|Any CPU = Debug|Any CPU
		Release|Any CPU = Release|Any CPU
	EndGlobalSection
	GlobalSection(ProjectConfigurationPlatforms) = postSolution
		{3C444DA5-C02B-4EF9-9160-72C7B2B9D323}.Debug|Any CPU.ActiveCfg = Debug|Any CPU
		{3C444DA5-C02B-4EF9-9160-72C7B2B9D323}.Debug|Any CPU.Build.0 = Debug|Any CPU
		{3C444DA5-C02B-4EF9-9160-72C7B2B9D323}.Release|Any CPU.ActiveCfg = Release|Any CPU
		{3C444DA5-C02B-4EF9-9160-72C7B2B9D323}.Release|Any CPU.Build.0 = Release|Any CPU
		{536CC0F8-53D0-4721-BCAF-F0A9A35569E0}.Debug|Any CPU.ActiveCfg = Debug|Any CPU
		{536CC0F8-53D0-4721-BCAF-F0A9A35569E0}.Debug|Any CPU.Build.0 = Debug|Any CPU
		{536CC0F8-53D0-4721-BCAF-F0A9A35569E0}.Release|Any CPU.ActiveCfg = Release|Any CPU
		{536CC0F8-53D0-4721-BCAF-F0A9A35569E0}.Release|Any CPU.Build.0 = Release|Any CPU
	EndGlobalSection
	GlobalSection(SolutionProperties) = preSolution
		HideSolutionNode = FALSE
	EndGlobalSection
	GlobalSection(ExtensibilityGlobals) = postSolution
		SolutionGuid = {71B9729E-FC6F-4518-9CA1-F224D6F299E9}
	EndGlobalSection
EndGlobal
